
Microsoft Visual Studio Solution File, Format Version 12.00
# Visual Studio Version 17
VisualStudioVersion = 17.9.34526.213
MinimumVisualStudioVersion = 10.0.40219.1
Project("{2150E333-8FDC-42A3-9474-1A3956D46DE8}") = "Presentation", "Presentation", "{905BE604-3566-4339-A950-FFC5713A4CF9}"
EndProject
Project("{2150E333-8FDC-42A3-9474-1A3956D46DE8}") = "Application", "Application", "{7A34B667-6608-49C7-A145-EB9AF3AAAADB}"
EndProject
Project("{2150E333-8FDC-42A3-9474-1A3956D46DE8}") = "Domain", "Domain", "{2F45AE8A-9CD7-47E9-B4A4-3CE86836C824}"
EndProject
Project("{2150E333-8FDC-42A3-9474-1A3956D46DE8}") = "Infrastructure", "Infrastructure", "{232A65BA-8F91-4D74-9688-BB6EF4FD3A62}"
EndProject
Project("{9A19103F-16F7-4668-BE54-9A1E7A4F7556}") = "Core", "Core\Core.csproj", "{91A27B08-89B8-49DE-B72B-7BBD02E3C3C4}"
EndProject
Project("{9A19103F-16F7-4668-BE54-9A1E7A4F7556}") = "Database", "Database\Database.csproj", "{A8937A3F-F432-40E8-BC42-5A42841737D3}"
EndProject
Project("{9A19103F-16F7-4668-BE54-9A1E7A4F7556}") = "Repositories", "Repositories\Repositories.csproj", "{32256E22-D7CD-443C-A948-3CF552045B61}"
EndProject
Project("{9A19103F-16F7-4668-BE54-9A1E7A4F7556}") = "WebAPIs", "WebAPIs\WebAPIs.csproj", "{EB5CDFCD-22EF-4020-8575-0355D4F8C480}"
EndProject
Project("{2150E333-8FDC-42A3-9474-1A3956D46DE8}") = "Src", "Src", "{FC3EDAF8-B65F-4893-8A74-B3E439D2FB75}"
EndProject
Project("{2150E333-8FDC-42A3-9474-1A3956D46DE8}") = "ClientApp", "ClientApp", "{5EDBDA88-2C86-4EB1-A493-440790339C92}"
EndProject
Project("{FAE04EC0-301F-11D3-BF4B-00C04F79EFBC}") = "Application", "Application\Application.csproj", "{C37111DA-9DA6-4697-B789-53D199D518F4}"
EndProject
Project("{54A90642-561A-4BB1-A94E-469ADEE60C69}") = "DocumentUploadSystemClientSide", "DocumentUploadSystemClientSide\DocumentUploadSystemClientSide.esproj", "{C284AACB-592F-4FEE-9ACC-87C06CDF6706}"
EndProject
Global
	GlobalSection(SolutionConfigurationPlatforms) = preSolution
		Debug|Any CPU = Debug|Any CPU
		Release|Any CPU = Release|Any CPU
	EndGlobalSection
	GlobalSection(ProjectConfigurationPlatforms) = postSolution
		{91A27B08-89B8-49DE-B72B-7BBD02E3C3C4}.Debug|Any CPU.ActiveCfg = Debug|Any CPU
		{91A27B08-89B8-49DE-B72B-7BBD02E3C3C4}.Debug|Any CPU.Build.0 = Debug|Any CPU
		{91A27B08-89B8-49DE-B72B-7BBD02E3C3C4}.Release|Any CPU.ActiveCfg = Release|Any CPU
		{91A27B08-89B8-49DE-B72B-7BBD02E3C3C4}.Release|Any CPU.Build.0 = Release|Any CPU
		{A8937A3F-F432-40E8-BC42-5A42841737D3}.Debug|Any CPU.ActiveCfg = Debug|Any CPU
		{A8937A3F-F432-40E8-BC42-5A42841737D3}.Debug|Any CPU.Build.0 = Debug|Any CPU
		{A8937A3F-F432-40E8-BC42-5A42841737D3}.Release|Any CPU.ActiveCfg = Release|Any CPU
		{A8937A3F-F432-40E8-BC42-5A42841737D3}.Release|Any CPU.Build.0 = Release|Any CPU
		{32256E22-D7CD-443C-A948-3CF552045B61}.Debug|Any CPU.ActiveCfg = Debug|Any CPU
		{32256E22-D7CD-443C-A948-3CF552045B61}.Debug|Any CPU.Build.0 = Debug|Any CPU
		{32256E22-D7CD-443C-A948-3CF552045B61}.Release|Any CPU.ActiveCfg = Release|Any CPU
		{32256E22-D7CD-443C-A948-3CF552045B61}.Release|Any CPU.Build.0 = Release|Any CPU
		{EB5CDFCD-22EF-4020-8575-0355D4F8C480}.Debug|Any CPU.ActiveCfg = Debug|Any CPU
		{EB5CDFCD-22EF-4020-8575-0355D4F8C480}.Debug|Any CPU.Build.0 = Debug|Any CPU
		{EB5CDFCD-22EF-4020-8575-0355D4F8C480}.Release|Any CPU.ActiveCfg = Release|Any CPU
		{EB5CDFCD-22EF-4020-8575-0355D4F8C480}.Release|Any CPU.Build.0 = Release|Any CPU
		{C37111DA-9DA6-4697-B789-53D199D518F4}.Debug|Any CPU.ActiveCfg = Debug|Any CPU
		{C37111DA-9DA6-4697-B789-53D199D518F4}.Debug|Any CPU.Build.0 = Debug|Any CPU
		{C37111DA-9DA6-4697-B789-53D199D518F4}.Release|Any CPU.ActiveCfg = Release|Any CPU
		{C37111DA-9DA6-4697-B789-53D199D518F4}.Release|Any CPU.Build.0 = Release|Any CPU
		{C284AACB-592F-4FEE-9ACC-87C06CDF6706}.Debug|Any CPU.ActiveCfg = Debug|Any CPU
		{C284AACB-592F-4FEE-9ACC-87C06CDF6706}.Debug|Any CPU.Build.0 = Debug|Any CPU
		{C284AACB-592F-4FEE-9ACC-87C06CDF6706}.Debug|Any CPU.Deploy.0 = Debug|Any CPU
		{C284AACB-592F-4FEE-9ACC-87C06CDF6706}.Release|Any CPU.ActiveCfg = Release|Any CPU
		{C284AACB-592F-4FEE-9ACC-87C06CDF6706}.Release|Any CPU.Build.0 = Release|Any CPU
		{C284AACB-592F-4FEE-9ACC-87C06CDF6706}.Release|Any CPU.Deploy.0 = Release|Any CPU
	EndGlobalSection
	GlobalSection(SolutionProperties) = preSolution
		HideSolutionNode = FALSE
	EndGlobalSection
	GlobalSection(NestedProjects) = preSolution
		{905BE604-3566-4339-A950-FFC5713A4CF9} = {FC3EDAF8-B65F-4893-8A74-B3E439D2FB75}
		{7A34B667-6608-49C7-A145-EB9AF3AAAADB} = {FC3EDAF8-B65F-4893-8A74-B3E439D2FB75}
		{2F45AE8A-9CD7-47E9-B4A4-3CE86836C824} = {FC3EDAF8-B65F-4893-8A74-B3E439D2FB75}
		{232A65BA-8F91-4D74-9688-BB6EF4FD3A62} = {FC3EDAF8-B65F-4893-8A74-B3E439D2FB75}
		{91A27B08-89B8-49DE-B72B-7BBD02E3C3C4} = {2F45AE8A-9CD7-47E9-B4A4-3CE86836C824}
		{A8937A3F-F432-40E8-BC42-5A42841737D3} = {232A65BA-8F91-4D74-9688-BB6EF4FD3A62}
		{32256E22-D7CD-443C-A948-3CF552045B61} = {232A65BA-8F91-4D74-9688-BB6EF4FD3A62}
		{EB5CDFCD-22EF-4020-8575-0355D4F8C480} = {905BE604-3566-4339-A950-FFC5713A4CF9}
		{C37111DA-9DA6-4697-B789-53D199D518F4} = {7A34B667-6608-49C7-A145-EB9AF3AAAADB}
		{C284AACB-592F-4FEE-9ACC-87C06CDF6706} = {5EDBDA88-2C86-4EB1-A493-440790339C92}
	EndGlobalSection
	GlobalSection(ExtensibilityGlobals) = postSolution
		SolutionGuid = {7F4D78D7-B556-4328-8619-FFA8D3E60C42}
	EndGlobalSection
EndGlobal
